
Microsoft Visual Studio Solution File, Format Version 12.00
# Visual Studio 15
VisualStudioVersion = 15.0.27130.2010
MinimumVisualStudioVersion = 10.0.40219.1
Project("{FAE04EC0-301F-11D3-BF4B-00C04F79EFBC}") = "Split", "Split\Split.csproj", "{58551B97-E476-429D-A018-D9735063E1CF}"
EndProject
Global
	GlobalSection(SolutionConfigurationPlatforms) = preSolution
		Debug|Any CPU = Debug|Any CPU
		Release|Any CPU = Release|Any CPU
	EndGlobalSection
	GlobalSection(ProjectConfigurationPlatforms) = postSolution
		{58551B97-E476-429D-A018-D9735063E1CF}.Debug|Any CPU.ActiveCfg = Debug|Any CPU
		{58551B97-E476-429D-A018-D9735063E1CF}.Debug|Any CPU.Build.0 = Debug|Any CPU
		{58551B97-E476-429D-A018-D9735063E1CF}.Release|Any CPU.ActiveCfg = Release|Any CPU
		{58551B97-E476-429D-A018-D9735063E1CF}.Release|Any CPU.Build.0 = Release|Any CPU
	EndGlobalSection
	GlobalSection(SolutionProperties) = preSolution
		HideSolutionNode = FALSE
	EndGlobalSection
	GlobalSection(ExtensibilityGlobals) = postSolution
		SolutionGuid = {83F4A695-51D0-4EDE-A0CE-EFB4212B574B}
	EndGlobalSection
EndGlobal
