
Microsoft Visual Studio Solution File, Format Version 12.00
# Visual Studio 15
VisualStudioVersion = 15.0.27130.2010
MinimumVisualStudioVersion = 10.0.40219.1
Project("{FAE04EC0-301F-11D3-BF4B-00C04F79EFBC}") = "Traffic", "Traffic\Traffic.csproj", "{295588A0-9B43-4181-81BC-961FF32306F7}"
EndProject
Global
	GlobalSection(SolutionConfigurationPlatforms) = preSolution
		Debug|Any CPU = Debug|Any CPU
		Release|Any CPU = Release|Any CPU
	EndGlobalSection
	GlobalSection(ProjectConfigurationPlatforms) = postSolution
		{295588A0-9B43-4181-81BC-961FF32306F7}.Debug|Any CPU.ActiveCfg = Debug|Any CPU
		{295588A0-9B43-4181-81BC-961FF32306F7}.Debug|Any CPU.Build.0 = Debug|Any CPU
		{295588A0-9B43-4181-81BC-961FF32306F7}.Release|Any CPU.ActiveCfg = Release|Any CPU
		{295588A0-9B43-4181-81BC-961FF32306F7}.Release|Any CPU.Build.0 = Release|Any CPU
	EndGlobalSection
	GlobalSection(SolutionProperties) = preSolution
		HideSolutionNode = FALSE
	EndGlobalSection
	GlobalSection(ExtensibilityGlobals) = postSolution
		SolutionGuid = {B55C0C19-8AA2-4790-9298-D8E6617DC74C}
	EndGlobalSection
EndGlobal
