
Microsoft Visual Studio Solution File, Format Version 12.00
# Visual Studio 15
VisualStudioVersion = 15.0.27130.2010
MinimumVisualStudioVersion = 10.0.40219.1
Project("{FAE04EC0-301F-11D3-BF4B-00C04F79EFBC}") = "IsNullOrEmpty", "IsNullOrEmpty\IsNullOrEmpty.csproj", "{531AAA31-3C06-4F7D-A0BC-334744EF9F6B}"
EndProject
Global
	GlobalSection(SolutionConfigurationPlatforms) = preSolution
		Debug|Any CPU = Debug|Any CPU
		Release|Any CPU = Release|Any CPU
	EndGlobalSection
	GlobalSection(ProjectConfigurationPlatforms) = postSolution
		{531AAA31-3C06-4F7D-A0BC-334744EF9F6B}.Debug|Any CPU.ActiveCfg = Debug|Any CPU
		{531AAA31-3C06-4F7D-A0BC-334744EF9F6B}.Debug|Any CPU.Build.0 = Debug|Any CPU
		{531AAA31-3C06-4F7D-A0BC-334744EF9F6B}.Release|Any CPU.ActiveCfg = Release|Any CPU
		{531AAA31-3C06-4F7D-A0BC-334744EF9F6B}.Release|Any CPU.Build.0 = Release|Any CPU
	EndGlobalSection
	GlobalSection(SolutionProperties) = preSolution
		HideSolutionNode = FALSE
	EndGlobalSection
	GlobalSection(ExtensibilityGlobals) = postSolution
		SolutionGuid = {55D4DFE5-7F52-4D41-AC85-0A9A9EC028AE}
	EndGlobalSection
EndGlobal
