
Microsoft Visual Studio Solution File, Format Version 12.00
# Visual Studio 15
VisualStudioVersion = 15.0.27130.2010
MinimumVisualStudioVersion = 10.0.40219.1
Project("{FAE04EC0-301F-11D3-BF4B-00C04F79EFBC}") = "RepeatKBTU", "RepeatKBTU\RepeatKBTU.csproj", "{7430BF47-9C5A-4ECC-9893-B45F0E38355B}"
EndProject
Global
	GlobalSection(SolutionConfigurationPlatforms) = preSolution
		Debug|Any CPU = Debug|Any CPU
		Release|Any CPU = Release|Any CPU
	EndGlobalSection
	GlobalSection(ProjectConfigurationPlatforms) = postSolution
		{7430BF47-9C5A-4ECC-9893-B45F0E38355B}.Debug|Any CPU.ActiveCfg = Debug|Any CPU
		{7430BF47-9C5A-4ECC-9893-B45F0E38355B}.Debug|Any CPU.Build.0 = Debug|Any CPU
		{7430BF47-9C5A-4ECC-9893-B45F0E38355B}.Release|Any CPU.ActiveCfg = Release|Any CPU
		{7430BF47-9C5A-4ECC-9893-B45F0E38355B}.Release|Any CPU.Build.0 = Release|Any CPU
	EndGlobalSection
	GlobalSection(SolutionProperties) = preSolution
		HideSolutionNode = FALSE
	EndGlobalSection
	GlobalSection(ExtensibilityGlobals) = postSolution
		SolutionGuid = {F9A3B1AF-4CAA-415E-8936-40CED5808F3E}
	EndGlobalSection
EndGlobal
