
Microsoft Visual Studio Solution File, Format Version 12.00
# Visual Studio 15
VisualStudioVersion = 15.0.27130.2010
MinimumVisualStudioVersion = 10.0.40219.1
Project("{FAE04EC0-301F-11D3-BF4B-00C04F79EFBC}") = "ToUpper ToLower", "ToUpper ToLower\ToUpper ToLower.csproj", "{4E9A89C2-4DD0-41A7-BCB0-A08ED3D7F646}"
EndProject
Global
	GlobalSection(SolutionConfigurationPlatforms) = preSolution
		Debug|Any CPU = Debug|Any CPU
		Release|Any CPU = Release|Any CPU
	EndGlobalSection
	GlobalSection(ProjectConfigurationPlatforms) = postSolution
		{4E9A89C2-4DD0-41A7-BCB0-A08ED3D7F646}.Debug|Any CPU.ActiveCfg = Debug|Any CPU
		{4E9A89C2-4DD0-41A7-BCB0-A08ED3D7F646}.Debug|Any CPU.Build.0 = Debug|Any CPU
		{4E9A89C2-4DD0-41A7-BCB0-A08ED3D7F646}.Release|Any CPU.ActiveCfg = Release|Any CPU
		{4E9A89C2-4DD0-41A7-BCB0-A08ED3D7F646}.Release|Any CPU.Build.0 = Release|Any CPU
	EndGlobalSection
	GlobalSection(SolutionProperties) = preSolution
		HideSolutionNode = FALSE
	EndGlobalSection
	GlobalSection(ExtensibilityGlobals) = postSolution
		SolutionGuid = {0FE67C72-D84B-41FB-82CB-8F8C8BCA0434}
	EndGlobalSection
EndGlobal
