
Microsoft Visual Studio Solution File, Format Version 12.00
# Visual Studio 15
VisualStudioVersion = 15.0.27130.2010
MinimumVisualStudioVersion = 10.0.40219.1
Project("{FAE04EC0-301F-11D3-BF4B-00C04F79EFBC}") = "complex", "complex\complex.csproj", "{912CCA77-4D9E-41EE-9C2C-400FA1F83029}"
EndProject
Global
	GlobalSection(SolutionConfigurationPlatforms) = preSolution
		Debug|Any CPU = Debug|Any CPU
		Release|Any CPU = Release|Any CPU
	EndGlobalSection
	GlobalSection(ProjectConfigurationPlatforms) = postSolution
		{912CCA77-4D9E-41EE-9C2C-400FA1F83029}.Debug|Any CPU.ActiveCfg = Debug|Any CPU
		{912CCA77-4D9E-41EE-9C2C-400FA1F83029}.Debug|Any CPU.Build.0 = Debug|Any CPU
		{912CCA77-4D9E-41EE-9C2C-400FA1F83029}.Release|Any CPU.ActiveCfg = Release|Any CPU
		{912CCA77-4D9E-41EE-9C2C-400FA1F83029}.Release|Any CPU.Build.0 = Release|Any CPU
	EndGlobalSection
	GlobalSection(SolutionProperties) = preSolution
		HideSolutionNode = FALSE
	EndGlobalSection
	GlobalSection(ExtensibilityGlobals) = postSolution
		SolutionGuid = {043EEA2F-DAEF-44C2-A048-6A77207F2156}
	EndGlobalSection
EndGlobal
