
Microsoft Visual Studio Solution File, Format Version 12.00
# Visual Studio 15
VisualStudioVersion = 15.0.27130.2010
MinimumVisualStudioVersion = 10.0.40219.1
Project("{FAE04EC0-301F-11D3-BF4B-00C04F79EFBC}") = "SecondMinFromfileToFile", "SecondMinFromfileToFile\SecondMinFromfileToFile.csproj", "{1D339FEE-4695-4F6D-B015-3D9472264F4E}"
EndProject
Global
	GlobalSection(SolutionConfigurationPlatforms) = preSolution
		Debug|Any CPU = Debug|Any CPU
		Release|Any CPU = Release|Any CPU
	EndGlobalSection
	GlobalSection(ProjectConfigurationPlatforms) = postSolution
		{1D339FEE-4695-4F6D-B015-3D9472264F4E}.Debug|Any CPU.ActiveCfg = Debug|Any CPU
		{1D339FEE-4695-4F6D-B015-3D9472264F4E}.Debug|Any CPU.Build.0 = Debug|Any CPU
		{1D339FEE-4695-4F6D-B015-3D9472264F4E}.Release|Any CPU.ActiveCfg = Release|Any CPU
		{1D339FEE-4695-4F6D-B015-3D9472264F4E}.Release|Any CPU.Build.0 = Release|Any CPU
	EndGlobalSection
	GlobalSection(SolutionProperties) = preSolution
		HideSolutionNode = FALSE
	EndGlobalSection
	GlobalSection(ExtensibilityGlobals) = postSolution
		SolutionGuid = {F2AB5362-37F8-48ED-A888-079B604D2E5E}
	EndGlobalSection
EndGlobal
