
Microsoft Visual Studio Solution File, Format Version 12.00
# Visual Studio 15
VisualStudioVersion = 15.0.27130.2010
MinimumVisualStudioVersion = 10.0.40219.1
Project("{FAE04EC0-301F-11D3-BF4B-00C04F79EFBC}") = "sinus", "sinus\sinus.csproj", "{698BF5B3-FE9A-46F8-9C5D-BB8D3543EACE}"
EndProject
Global
	GlobalSection(SolutionConfigurationPlatforms) = preSolution
		Debug|Any CPU = Debug|Any CPU
		Release|Any CPU = Release|Any CPU
	EndGlobalSection
	GlobalSection(ProjectConfigurationPlatforms) = postSolution
		{698BF5B3-FE9A-46F8-9C5D-BB8D3543EACE}.Debug|Any CPU.ActiveCfg = Debug|Any CPU
		{698BF5B3-FE9A-46F8-9C5D-BB8D3543EACE}.Debug|Any CPU.Build.0 = Debug|Any CPU
		{698BF5B3-FE9A-46F8-9C5D-BB8D3543EACE}.Release|Any CPU.ActiveCfg = Release|Any CPU
		{698BF5B3-FE9A-46F8-9C5D-BB8D3543EACE}.Release|Any CPU.Build.0 = Release|Any CPU
	EndGlobalSection
	GlobalSection(SolutionProperties) = preSolution
		HideSolutionNode = FALSE
	EndGlobalSection
	GlobalSection(ExtensibilityGlobals) = postSolution
		SolutionGuid = {1C362462-3A6A-43E5-A0C9-517775F02DE3}
	EndGlobalSection
EndGlobal
