
Microsoft Visual Studio Solution File, Format Version 12.00
# Visual Studio 15
VisualStudioVersion = 15.0.27130.2010
MinimumVisualStudioVersion = 10.0.40219.1
Project("{FAE04EC0-301F-11D3-BF4B-00C04F79EFBC}") = "Рекурсия", "Рекурсия\Рекурсия.csproj", "{412DA738-907A-4E86-BA01-9A70BEE72232}"
EndProject
Global
	GlobalSection(SolutionConfigurationPlatforms) = preSolution
		Debug|Any CPU = Debug|Any CPU
		Release|Any CPU = Release|Any CPU
	EndGlobalSection
	GlobalSection(ProjectConfigurationPlatforms) = postSolution
		{412DA738-907A-4E86-BA01-9A70BEE72232}.Debug|Any CPU.ActiveCfg = Debug|Any CPU
		{412DA738-907A-4E86-BA01-9A70BEE72232}.Debug|Any CPU.Build.0 = Debug|Any CPU
		{412DA738-907A-4E86-BA01-9A70BEE72232}.Release|Any CPU.ActiveCfg = Release|Any CPU
		{412DA738-907A-4E86-BA01-9A70BEE72232}.Release|Any CPU.Build.0 = Release|Any CPU
	EndGlobalSection
	GlobalSection(SolutionProperties) = preSolution
		HideSolutionNode = FALSE
	EndGlobalSection
	GlobalSection(ExtensibilityGlobals) = postSolution
		SolutionGuid = {78E256A8-69C5-4BD6-A196-ED0272596C24}
	EndGlobalSection
EndGlobal
